
Microsoft Visual Studio Solution File, Format Version 12.00
# Visual Studio Version 16
VisualStudioVersion = 16.0.30011.22
MinimumVisualStudioVersion = 10.0.40219.1
Project("{FAE04EC0-301F-11D3-BF4B-00C04F79EFBC}") = "SII", "SII\SII.csproj", "{B3ADA6DE-4B3F-4CBD-B9E2-A8FE32EBEDCF}"
EndProject
Global
	GlobalSection(SolutionConfigurationPlatforms) = preSolution
		Debug|Any CPU = Debug|Any CPU
		Release|Any CPU = Release|Any CPU
	EndGlobalSection
	GlobalSection(ProjectConfigurationPlatforms) = postSolution
		{B3ADA6DE-4B3F-4CBD-B9E2-A8FE32EBEDCF}.Debug|Any CPU.ActiveCfg = Debug|Any CPU
		{B3ADA6DE-4B3F-4CBD-B9E2-A8FE32EBEDCF}.Debug|Any CPU.Build.0 = Debug|Any CPU
		{B3ADA6DE-4B3F-4CBD-B9E2-A8FE32EBEDCF}.Release|Any CPU.ActiveCfg = Release|Any CPU
		{B3ADA6DE-4B3F-4CBD-B9E2-A8FE32EBEDCF}.Release|Any CPU.Build.0 = Release|Any CPU
	EndGlobalSection
	GlobalSection(SolutionProperties) = preSolution
		HideSolutionNode = FALSE
	EndGlobalSection
	GlobalSection(ExtensibilityGlobals) = postSolution
		SolutionGuid = {F82BF267-DF37-49F0-B073-50A9C77F67FC}
	EndGlobalSection
EndGlobal
